{
  "name": "databaseadmin",
  "version": "1.0.0",
  "lockfileVersion": 1,
  "requires": true,
  "dependencies": {
    "jquery": {
      "version": "3.5.0",
      "resolved": "https://registry.npmjs.org/jquery/-/jquery-3.5.0.tgz",
      "integrity": "sha512-Xb7SVYMvygPxbFMpTFQiHh1J7HClEaThguL15N/Gg37Lri/qKyhRGZYzHRyLH8Stq3Aow0LsHO2O2ci86fCrNQ=="
    },
    "layui-src": {
      "version": "2.5.5",
      "resolved": "https://registry.npmjs.org/layui-src/-/layui-src-2.5.5.tgz",
      "integrity": "sha512-KFmVoXaHauba3UyTByM+IhyzyZTBD4ytl9Pq5uU0rYKICVSplyFIWU7+whW4lBOhXWxqNK6QGU1iWc1pG2njZw=="
    }
  }
}
